
Microsoft Visual Studio Solution File, Format Version 12.00
# Visual Studio Version 16
VisualStudioVersion = 16.0.31624.102
MinimumVisualStudioVersion = 10.0.40219.1
Project("{9A19103F-16F7-4668-BE54-9A1E7A4F7556}") = "lab-1", "lab-1\lab-1.csproj", "{B6B0B77C-B10C-41A7-A242-82A2D29AFEDF}"
EndProject
Project("{9A19103F-16F7-4668-BE54-9A1E7A4F7556}") = "lab-2", "lab-2\lab-2.csproj", "{90624D6A-1245-49B9-BE4D-2C5BD9082D06}"
EndProject
Project("{9A19103F-16F7-4668-BE54-9A1E7A4F7556}") = "lab-3", "lab-3\lab-3.csproj", "{59F6DC86-CF48-46A0-B016-3DDBB89EC8C3}"
EndProject
Project("{9A19103F-16F7-4668-BE54-9A1E7A4F7556}") = "lab-3_zadania", "lab-3_zadania\lab-3_zadania.csproj", "{FFFE383A-B3C5-445E-A205-885FA1B91FFE}"
EndProject
Project("{FAE04EC0-301F-11D3-BF4B-00C04F79EFBC}") = "lab-5", "lab-5\lab-5.csproj", "{EA3AEC6F-9D43-45E0-86D1-F2096D95B71A}"
EndProject
Project("{FAE04EC0-301F-11D3-BF4B-00C04F79EFBC}") = "lab-5_zadania", "lab-5_zadania\lab-5_zadania.csproj", "{CC7912DC-493E-4D06-BB87-E108846CB1ED}"
EndProject
Global
	GlobalSection(SolutionConfigurationPlatforms) = preSolution
		Debug|Any CPU = Debug|Any CPU
		Release|Any CPU = Release|Any CPU
	EndGlobalSection
	GlobalSection(ProjectConfigurationPlatforms) = postSolution
		{B6B0B77C-B10C-41A7-A242-82A2D29AFEDF}.Debug|Any CPU.ActiveCfg = Debug|Any CPU
		{B6B0B77C-B10C-41A7-A242-82A2D29AFEDF}.Debug|Any CPU.Build.0 = Debug|Any CPU
		{B6B0B77C-B10C-41A7-A242-82A2D29AFEDF}.Release|Any CPU.ActiveCfg = Release|Any CPU
		{B6B0B77C-B10C-41A7-A242-82A2D29AFEDF}.Release|Any CPU.Build.0 = Release|Any CPU
		{90624D6A-1245-49B9-BE4D-2C5BD9082D06}.Debug|Any CPU.ActiveCfg = Debug|Any CPU
		{90624D6A-1245-49B9-BE4D-2C5BD9082D06}.Debug|Any CPU.Build.0 = Debug|Any CPU
		{90624D6A-1245-49B9-BE4D-2C5BD9082D06}.Release|Any CPU.ActiveCfg = Release|Any CPU
		{90624D6A-1245-49B9-BE4D-2C5BD9082D06}.Release|Any CPU.Build.0 = Release|Any CPU
		{59F6DC86-CF48-46A0-B016-3DDBB89EC8C3}.Debug|Any CPU.ActiveCfg = Debug|Any CPU
		{59F6DC86-CF48-46A0-B016-3DDBB89EC8C3}.Debug|Any CPU.Build.0 = Debug|Any CPU
		{59F6DC86-CF48-46A0-B016-3DDBB89EC8C3}.Release|Any CPU.ActiveCfg = Release|Any CPU
		{59F6DC86-CF48-46A0-B016-3DDBB89EC8C3}.Release|Any CPU.Build.0 = Release|Any CPU
		{FFFE383A-B3C5-445E-A205-885FA1B91FFE}.Debug|Any CPU.ActiveCfg = Debug|Any CPU
		{FFFE383A-B3C5-445E-A205-885FA1B91FFE}.Debug|Any CPU.Build.0 = Debug|Any CPU
		{FFFE383A-B3C5-445E-A205-885FA1B91FFE}.Release|Any CPU.ActiveCfg = Release|Any CPU
		{FFFE383A-B3C5-445E-A205-885FA1B91FFE}.Release|Any CPU.Build.0 = Release|Any CPU
		{EA3AEC6F-9D43-45E0-86D1-F2096D95B71A}.Debug|Any CPU.ActiveCfg = Debug|Any CPU
		{EA3AEC6F-9D43-45E0-86D1-F2096D95B71A}.Debug|Any CPU.Build.0 = Debug|Any CPU
		{EA3AEC6F-9D43-45E0-86D1-F2096D95B71A}.Release|Any CPU.ActiveCfg = Release|Any CPU
		{EA3AEC6F-9D43-45E0-86D1-F2096D95B71A}.Release|Any CPU.Build.0 = Release|Any CPU
		{CC7912DC-493E-4D06-BB87-E108846CB1ED}.Debug|Any CPU.ActiveCfg = Debug|Any CPU
		{CC7912DC-493E-4D06-BB87-E108846CB1ED}.Debug|Any CPU.Build.0 = Debug|Any CPU
		{CC7912DC-493E-4D06-BB87-E108846CB1ED}.Release|Any CPU.ActiveCfg = Release|Any CPU
		{CC7912DC-493E-4D06-BB87-E108846CB1ED}.Release|Any CPU.Build.0 = Release|Any CPU
	EndGlobalSection
	GlobalSection(SolutionProperties) = preSolution
		HideSolutionNode = FALSE
	EndGlobalSection
	GlobalSection(ExtensibilityGlobals) = postSolution
		SolutionGuid = {8F60A478-7A65-4ECC-9FAE-BFEC32882F58}
	EndGlobalSection
EndGlobal
